
Microsoft Visual Studio Solution File, Format Version 12.00
# Visual Studio Version 16
VisualStudioVersion = 16.0.29025.244
MinimumVisualStudioVersion = 10.0.40219.1
Project("{8BC9CEB8-8B4A-11D0-8D11-00A0C91BC942}") = "Le nombre mystère", "Le nombre mystère.vcxproj", "{1665D3BF-7E02-4A81-BF51-CC7247BEFC34}"
EndProject
Global
	GlobalSection(SolutionConfigurationPlatforms) = preSolution
		Debug|x64 = Debug|x64
		Debug|x86 = Debug|x86
		Release|x64 = Release|x64
		Release|x86 = Release|x86
	EndGlobalSection
	GlobalSection(ProjectConfigurationPlatforms) = postSolution
		{1665D3BF-7E02-4A81-BF51-CC7247BEFC34}.Debug|x64.ActiveCfg = Debug|x64
		{1665D3BF-7E02-4A81-BF51-CC7247BEFC34}.Debug|x64.Build.0 = Debug|x64
		{1665D3BF-7E02-4A81-BF51-CC7247BEFC34}.Debug|x86.ActiveCfg = Debug|Win32
		{1665D3BF-7E02-4A81-BF51-CC7247BEFC34}.Debug|x86.Build.0 = Debug|Win32
		{1665D3BF-7E02-4A81-BF51-CC7247BEFC34}.Release|x64.ActiveCfg = Release|x64
		{1665D3BF-7E02-4A81-BF51-CC7247BEFC34}.Release|x64.Build.0 = Release|x64
		{1665D3BF-7E02-4A81-BF51-CC7247BEFC34}.Release|x86.ActiveCfg = Release|Win32
		{1665D3BF-7E02-4A81-BF51-CC7247BEFC34}.Release|x86.Build.0 = Release|Win32
	EndGlobalSection
	GlobalSection(SolutionProperties) = preSolution
		HideSolutionNode = FALSE
	EndGlobalSection
	GlobalSection(ExtensibilityGlobals) = postSolution
		SolutionGuid = {7D40CB48-759C-4384-B7EF-82E98A1F8396}
	EndGlobalSection
EndGlobal
